{
  "name": "3",
  "version": "1.0.0",
  "lockfileVersion": 1,
  "requires": true,
  "dependencies": {
    "brama-belajar": {
      "version": "1.0.0",
      "resolved": "https://registry.npmjs.org/brama-belajar/-/brama-belajar-1.0.0.tgz",
      "integrity": "sha512-w7MKyBEPFRW+d0onB9gZifcLVuf2ugAvDPwRKmMspnuCTG2JVm6D4kn0htT7aTBrs5PR3ufeUygS4MmHsd6dgA=="
    }
  }
}
